
Microsoft Visual Studio Solution File, Format Version 12.00
# Visual Studio Version 17
VisualStudioVersion = 17.14.36915.13 d17.14
MinimumVisualStudioVersion = 10.0.40219.1
Project("{FAE04EC0-301F-11D3-BF4B-00C04F79EFBC}") = "Ejercicio_11", "Ejercicio_11.csproj", "{C6BEFDDD-6570-4A42-A68A-92F8C93711F1}"
EndProject
Global
	GlobalSection(SolutionConfigurationPlatforms) = preSolution
		Debug|Any CPU = Debug|Any CPU
		Release|Any CPU = Release|Any CPU
	EndGlobalSection
	GlobalSection(ProjectConfigurationPlatforms) = postSolution
		{C6BEFDDD-6570-4A42-A68A-92F8C93711F1}.Debug|Any CPU.ActiveCfg = Debug|Any CPU
		{C6BEFDDD-6570-4A42-A68A-92F8C93711F1}.Debug|Any CPU.Build.0 = Debug|Any CPU
		{C6BEFDDD-6570-4A42-A68A-92F8C93711F1}.Release|Any CPU.ActiveCfg = Release|Any CPU
		{C6BEFDDD-6570-4A42-A68A-92F8C93711F1}.Release|Any CPU.Build.0 = Release|Any CPU
	EndGlobalSection
	GlobalSection(SolutionProperties) = preSolution
		HideSolutionNode = FALSE
	EndGlobalSection
	GlobalSection(ExtensibilityGlobals) = postSolution
		SolutionGuid = {094E7A69-CBBB-4FB6-AFF3-007E11C0AB5A}
	EndGlobalSection
EndGlobal
