
Microsoft Visual Studio Solution File, Format Version 12.00
# Visual Studio Version 17
VisualStudioVersion = 17.14.36915.13 d17.14
MinimumVisualStudioVersion = 10.0.40219.1
Project("{FAE04EC0-301F-11D3-BF4B-00C04F79EFBC}") = "Ejercicio_9", "Ejercicio_9.csproj", "{D15CDE31-A104-4594-8491-A2021087DEFB}"
EndProject
Global
	GlobalSection(SolutionConfigurationPlatforms) = preSolution
		Debug|Any CPU = Debug|Any CPU
		Release|Any CPU = Release|Any CPU
	EndGlobalSection
	GlobalSection(ProjectConfigurationPlatforms) = postSolution
		{D15CDE31-A104-4594-8491-A2021087DEFB}.Debug|Any CPU.ActiveCfg = Debug|Any CPU
		{D15CDE31-A104-4594-8491-A2021087DEFB}.Debug|Any CPU.Build.0 = Debug|Any CPU
		{D15CDE31-A104-4594-8491-A2021087DEFB}.Release|Any CPU.ActiveCfg = Release|Any CPU
		{D15CDE31-A104-4594-8491-A2021087DEFB}.Release|Any CPU.Build.0 = Release|Any CPU
	EndGlobalSection
	GlobalSection(SolutionProperties) = preSolution
		HideSolutionNode = FALSE
	EndGlobalSection
	GlobalSection(ExtensibilityGlobals) = postSolution
		SolutionGuid = {51D13A37-EE7D-41A6-8667-EFFA1203477E}
	EndGlobalSection
EndGlobal
