
Microsoft Visual Studio Solution File, Format Version 12.00
# Visual Studio Version 17
VisualStudioVersion = 17.14.36915.13 d17.14
MinimumVisualStudioVersion = 10.0.40219.1
Project("{FAE04EC0-301F-11D3-BF4B-00C04F79EFBC}") = "Ejercicio_5", "Ejercicio_5.csproj", "{532B2326-D7A5-43EE-A6D7-46FBB4FF69E7}"
EndProject
Global
	GlobalSection(SolutionConfigurationPlatforms) = preSolution
		Debug|Any CPU = Debug|Any CPU
		Release|Any CPU = Release|Any CPU
	EndGlobalSection
	GlobalSection(ProjectConfigurationPlatforms) = postSolution
		{532B2326-D7A5-43EE-A6D7-46FBB4FF69E7}.Debug|Any CPU.ActiveCfg = Debug|Any CPU
		{532B2326-D7A5-43EE-A6D7-46FBB4FF69E7}.Debug|Any CPU.Build.0 = Debug|Any CPU
		{532B2326-D7A5-43EE-A6D7-46FBB4FF69E7}.Release|Any CPU.ActiveCfg = Release|Any CPU
		{532B2326-D7A5-43EE-A6D7-46FBB4FF69E7}.Release|Any CPU.Build.0 = Release|Any CPU
	EndGlobalSection
	GlobalSection(SolutionProperties) = preSolution
		HideSolutionNode = FALSE
	EndGlobalSection
	GlobalSection(ExtensibilityGlobals) = postSolution
		SolutionGuid = {92178B38-2EFA-49A3-B5CA-1460DDBF0EED}
	EndGlobalSection
EndGlobal
