
Microsoft Visual Studio Solution File, Format Version 12.00
# Visual Studio Version 17
VisualStudioVersion = 17.14.36915.13 d17.14
MinimumVisualStudioVersion = 10.0.40219.1
Project("{FAE04EC0-301F-11D3-BF4B-00C04F79EFBC}") = "Ejercicio_6", "Ejercicio_6.csproj", "{06FE8AD0-3E02-4C4B-9233-DE91DF3DBFBC}"
EndProject
Global
	GlobalSection(SolutionConfigurationPlatforms) = preSolution
		Debug|Any CPU = Debug|Any CPU
		Release|Any CPU = Release|Any CPU
	EndGlobalSection
	GlobalSection(ProjectConfigurationPlatforms) = postSolution
		{06FE8AD0-3E02-4C4B-9233-DE91DF3DBFBC}.Debug|Any CPU.ActiveCfg = Debug|Any CPU
		{06FE8AD0-3E02-4C4B-9233-DE91DF3DBFBC}.Debug|Any CPU.Build.0 = Debug|Any CPU
		{06FE8AD0-3E02-4C4B-9233-DE91DF3DBFBC}.Release|Any CPU.ActiveCfg = Release|Any CPU
		{06FE8AD0-3E02-4C4B-9233-DE91DF3DBFBC}.Release|Any CPU.Build.0 = Release|Any CPU
	EndGlobalSection
	GlobalSection(SolutionProperties) = preSolution
		HideSolutionNode = FALSE
	EndGlobalSection
	GlobalSection(ExtensibilityGlobals) = postSolution
		SolutionGuid = {81A2AE6F-2041-47FD-BF92-F8131EC925D8}
	EndGlobalSection
EndGlobal
