
Microsoft Visual Studio Solution File, Format Version 12.00
# Visual Studio Version 17
VisualStudioVersion = 17.14.36915.13 d17.14
MinimumVisualStudioVersion = 10.0.40219.1
Project("{FAE04EC0-301F-11D3-BF4B-00C04F79EFBC}") = "Ejercicio_1", "Ejercicio_1.csproj", "{A1AA8677-EEA9-4256-A12D-1F4ED5367DB7}"
EndProject
Global
	GlobalSection(SolutionConfigurationPlatforms) = preSolution
		Debug|Any CPU = Debug|Any CPU
		Release|Any CPU = Release|Any CPU
	EndGlobalSection
	GlobalSection(ProjectConfigurationPlatforms) = postSolution
		{A1AA8677-EEA9-4256-A12D-1F4ED5367DB7}.Debug|Any CPU.ActiveCfg = Debug|Any CPU
		{A1AA8677-EEA9-4256-A12D-1F4ED5367DB7}.Debug|Any CPU.Build.0 = Debug|Any CPU
		{A1AA8677-EEA9-4256-A12D-1F4ED5367DB7}.Release|Any CPU.ActiveCfg = Release|Any CPU
		{A1AA8677-EEA9-4256-A12D-1F4ED5367DB7}.Release|Any CPU.Build.0 = Release|Any CPU
	EndGlobalSection
	GlobalSection(SolutionProperties) = preSolution
		HideSolutionNode = FALSE
	EndGlobalSection
	GlobalSection(ExtensibilityGlobals) = postSolution
		SolutionGuid = {9C11755B-B92C-4461-BA10-83097127C5F3}
	EndGlobalSection
EndGlobal
